
Microsoft Visual Studio Solution File, Format Version 12.00
# Visual Studio Version 16
VisualStudioVersion = 16.0.32002.261
MinimumVisualStudioVersion = 10.0.40219.1
Project("{FAE04EC0-301F-11D3-BF4B-00C04F79EFBC}") = "MapSearch", "MapSearch.csproj", "{056176F3-40B4-4EB3-B340-AFC3FCCAFFFE}"
EndProject
Global
	GlobalSection(SolutionConfigurationPlatforms) = preSolution
		Debug|Any CPU = Debug|Any CPU
		Release|Any CPU = Release|Any CPU
	EndGlobalSection
	GlobalSection(ProjectConfigurationPlatforms) = postSolution
		{056176F3-40B4-4EB3-B340-AFC3FCCAFFFE}.Debug|Any CPU.ActiveCfg = Debug|Any CPU
		{056176F3-40B4-4EB3-B340-AFC3FCCAFFFE}.Debug|Any CPU.Build.0 = Debug|Any CPU
		{056176F3-40B4-4EB3-B340-AFC3FCCAFFFE}.Release|Any CPU.ActiveCfg = Release|Any CPU
		{056176F3-40B4-4EB3-B340-AFC3FCCAFFFE}.Release|Any CPU.Build.0 = Release|Any CPU
	EndGlobalSection
	GlobalSection(SolutionProperties) = preSolution
		HideSolutionNode = FALSE
	EndGlobalSection
	GlobalSection(ExtensibilityGlobals) = postSolution
		SolutionGuid = {BF33543D-391D-4B5F-8678-0D6F68124327}
	EndGlobalSection
EndGlobal
